
Microsoft Visual Studio Solution File, Format Version 12.00
# Visual Studio Version 16
VisualStudioVersion = 16.0.29806.167
MinimumVisualStudioVersion = 10.0.40219.1
Project("{8BC9CEB8-8B4A-11D0-8D11-00A0C91BC942}") = "Binary_Boarding", "Binary_Boarding\Binary_Boarding.vcxproj", "{8C95121E-F4E7-4562-AB2E-D8DD182AF978}"
EndProject
Global
	GlobalSection(SolutionConfigurationPlatforms) = preSolution
		Debug|x64 = Debug|x64
		Debug|x86 = Debug|x86
		Release|x64 = Release|x64
		Release|x86 = Release|x86
	EndGlobalSection
	GlobalSection(ProjectConfigurationPlatforms) = postSolution
		{8C95121E-F4E7-4562-AB2E-D8DD182AF978}.Debug|x64.ActiveCfg = Debug|x64
		{8C95121E-F4E7-4562-AB2E-D8DD182AF978}.Debug|x64.Build.0 = Debug|x64
		{8C95121E-F4E7-4562-AB2E-D8DD182AF978}.Debug|x86.ActiveCfg = Debug|Win32
		{8C95121E-F4E7-4562-AB2E-D8DD182AF978}.Debug|x86.Build.0 = Debug|Win32
		{8C95121E-F4E7-4562-AB2E-D8DD182AF978}.Release|x64.ActiveCfg = Release|x64
		{8C95121E-F4E7-4562-AB2E-D8DD182AF978}.Release|x64.Build.0 = Release|x64
		{8C95121E-F4E7-4562-AB2E-D8DD182AF978}.Release|x86.ActiveCfg = Release|Win32
		{8C95121E-F4E7-4562-AB2E-D8DD182AF978}.Release|x86.Build.0 = Release|Win32
	EndGlobalSection
	GlobalSection(SolutionProperties) = preSolution
		HideSolutionNode = FALSE
	EndGlobalSection
	GlobalSection(ExtensibilityGlobals) = postSolution
		SolutionGuid = {C19564B7-4407-4978-B247-B1718430546A}
	EndGlobalSection
EndGlobal
